
Microsoft Visual Studio Solution File, Format Version 12.00
# Visual Studio 15
VisualStudioVersion = 15.0.28307.271
MinimumVisualStudioVersion = 10.0.40219.1
Project("{9A19103F-16F7-4668-BE54-9A1E7A4F7556}") = "LicenseKeysAPI", "LicenseKeysAPI\LicenseKeysAPI.csproj", "{57ED8652-9918-434F-A826-F7AB1E8649F6}"
EndProject
Project("{9A19103F-16F7-4668-BE54-9A1E7A4F7556}") = "Licenses", "Licenses\Licenses.csproj", "{3E1E68FD-01EE-4ED7-B923-91D724CB6AD5}"
EndProject
Project("{9A19103F-16F7-4668-BE54-9A1E7A4F7556}") = "Tests", "Tests\Tests.csproj", "{F69D8439-0937-46B8-9992-5A7D11586F0B}"
EndProject
Global
	GlobalSection(SolutionConfigurationPlatforms) = preSolution
		Debug|Any CPU = Debug|Any CPU
		Release|Any CPU = Release|Any CPU
	EndGlobalSection
	GlobalSection(ProjectConfigurationPlatforms) = postSolution
		{57ED8652-9918-434F-A826-F7AB1E8649F6}.Debug|Any CPU.ActiveCfg = Debug|Any CPU
		{57ED8652-9918-434F-A826-F7AB1E8649F6}.Debug|Any CPU.Build.0 = Debug|Any CPU
		{57ED8652-9918-434F-A826-F7AB1E8649F6}.Release|Any CPU.ActiveCfg = Release|Any CPU
		{57ED8652-9918-434F-A826-F7AB1E8649F6}.Release|Any CPU.Build.0 = Release|Any CPU
		{3E1E68FD-01EE-4ED7-B923-91D724CB6AD5}.Debug|Any CPU.ActiveCfg = Debug|Any CPU
		{3E1E68FD-01EE-4ED7-B923-91D724CB6AD5}.Debug|Any CPU.Build.0 = Debug|Any CPU
		{3E1E68FD-01EE-4ED7-B923-91D724CB6AD5}.Release|Any CPU.ActiveCfg = Release|Any CPU
		{3E1E68FD-01EE-4ED7-B923-91D724CB6AD5}.Release|Any CPU.Build.0 = Release|Any CPU
		{F69D8439-0937-46B8-9992-5A7D11586F0B}.Debug|Any CPU.ActiveCfg = Debug|Any CPU
		{F69D8439-0937-46B8-9992-5A7D11586F0B}.Debug|Any CPU.Build.0 = Debug|Any CPU
		{F69D8439-0937-46B8-9992-5A7D11586F0B}.Release|Any CPU.ActiveCfg = Release|Any CPU
		{F69D8439-0937-46B8-9992-5A7D11586F0B}.Release|Any CPU.Build.0 = Release|Any CPU
	EndGlobalSection
	GlobalSection(SolutionProperties) = preSolution
		HideSolutionNode = FALSE
	EndGlobalSection
	GlobalSection(ExtensibilityGlobals) = postSolution
		SolutionGuid = {E6E8F084-16D2-4EF4-9326-23DB6B3F2532}
	EndGlobalSection
EndGlobal
